// !$*UTF8*$!
{
	archiveVersion = 1;
	classes = {
	};
	objectVersion = 56;
	objects = {

/* Begin PBXBuildFile section */
		DF06C4BE2BC4113200AA76E1 /* DynamicCodingApp.swift in Sources */ = {isa = PBXBuildFile; fileRef = DF06C4BD2BC4113200AA76E1 /* DynamicCodingApp.swift */; };
		DF06C4C02BC4113200AA76E1 /* ContentView.swift in Sources */ = {isa = PBXBuildFile; fileRef = DF06C4BF2BC4113200AA76E1 /* ContentView.swift */; };
		DF06C4C22BC4113500AA76E1 /* Assets.xcassets in Resources */ = {isa = PBXBuildFile; fileRef = DF06C4C12BC4113500AA76E1 /* Assets.xcassets */; };
		DF06C4C52BC4113500AA76E1 /* Preview Assets.xcassets in Resources */ = {isa = PBXBuildFile; fileRef = DF06C4C42BC4113500AA76E1 /* Preview Assets.xcassets */; };
		DF06C4CF2BC4120800AA76E1 /* DeveloperPreview.swift in Sources */ = {isa = PBXBuildFile; fileRef = DF06C4CE2BC4120800AA76E1 /* DeveloperPreview.swift */; };
		DF06C4D52BC412A200AA76E1 /* listing.swift in Sources */ = {isa = PBXBuildFile; fileRef = DF06C4D42BC412A200AA76E1 /* listing.swift */; };
		DF06C4D72BC4131100AA76E1 /* ListingView.swift in Sources */ = {isa = PBXBuildFile; fileRef = DF06C4D62BC4131100AA76E1 /* ListingView.swift */; };
		DF06C4DC2BC4139A00AA76E1 /* ExploreView.swift in Sources */ = {isa = PBXBuildFile; fileRef = DF06C4DB2BC4139A00AA76E1 /* ExploreView.swift */; };
		DF06C4DE2BC4198C00AA76E1 /* ExploreService.swift in Sources */ = {isa = PBXBuildFile; fileRef = DF06C4DD2BC4198C00AA76E1 /* ExploreService.swift */; };
		DF06C4E02BC41A1300AA76E1 /* ExploreViewModel.swift in Sources */ = {isa = PBXBuildFile; fileRef = DF06C4DF2BC41A1300AA76E1 /* ExploreViewModel.swift */; };
/* End PBXBuildFile section */

/* Begin PBXFileReference section */
		DF06C4BA2BC4113200AA76E1 /* DynamicCoding.app */ = {isa = PBXFileReference; explicitFileType = wrapper.application; includeInIndex = 0; path = DynamicCoding.app; sourceTree = BUILT_PRODUCTS_DIR; };
		DF06C4BD2BC4113200AA76E1 /* DynamicCodingApp.swift */ = {isa = PBXFileReference; lastKnownFileType = sourcecode.swift; path = DynamicCodingApp.swift; sourceTree = "<group>"; };
		DF06C4BF2BC4113200AA76E1 /* ContentView.swift */ = {isa = PBXFileReference; lastKnownFileType = sourcecode.swift; path = ContentView.swift; sourceTree = "<group>"; };
		DF06C4C12BC4113500AA76E1 /* Assets.xcassets */ = {isa = PBXFileReference; lastKnownFileType = folder.assetcatalog; path = Assets.xcassets; sourceTree = "<group>"; };
		DF06C4C42BC4113500AA76E1 /* Preview Assets.xcassets */ = {isa = PBXFileReference; lastKnownFileType = folder.assetcatalog; path = "Preview Assets.xcassets"; sourceTree = "<group>"; };
		DF06C4CE2BC4120800AA76E1 /* DeveloperPreview.swift */ = {isa = PBXFileReference; lastKnownFileType = sourcecode.swift; path = DeveloperPreview.swift; sourceTree = "<group>"; };
		DF06C4D42BC412A200AA76E1 /* listing.swift */ = {isa = PBXFileReference; lastKnownFileType = sourcecode.swift; path = listing.swift; sourceTree = "<group>"; };
		DF06C4D62BC4131100AA76E1 /* ListingView.swift */ = {isa = PBXFileReference; lastKnownFileType = sourcecode.swift; path = ListingView.swift; sourceTree = "<group>"; };
		DF06C4DB2BC4139A00AA76E1 /* ExploreView.swift */ = {isa = PBXFileReference; lastKnownFileType = sourcecode.swift; path = ExploreView.swift; sourceTree = "<group>"; };
		DF06C4DD2BC4198C00AA76E1 /* ExploreService.swift */ = {isa = PBXFileReference; lastKnownFileType = sourcecode.swift; path = ExploreService.swift; sourceTree = "<group>"; };
		DF06C4DF2BC41A1300AA76E1 /* ExploreViewModel.swift */ = {isa = PBXFileReference; lastKnownFileType = sourcecode.swift; path = ExploreViewModel.swift; sourceTree = "<group>"; };
/* End PBXFileReference section */

/* Begin PBXFrameworksBuildPhase section */
		DF06C4B72BC4113200AA76E1 /* Frameworks */ = {
			isa = PBXFrameworksBuildPhase;
			buildActionMask = 2147483647;
			files = (
			);
			runOnlyForDeploymentPostprocessing = 0;
		};
/* End PBXFrameworksBuildPhase section */

/* Begin PBXGroup section */
		DF06C4B12BC4113200AA76E1 = {
			isa = PBXGroup;
			children = (
				DF06C4BC2BC4113200AA76E1 /* DynamicCoding */,
				DF06C4BB2BC4113200AA76E1 /* Products */,
			);
			sourceTree = "<group>";
		};
		DF06C4BB2BC4113200AA76E1 /* Products */ = {
			isa = PBXGroup;
			children = (
				DF06C4BA2BC4113200AA76E1 /* DynamicCoding.app */,
			);
			name = Products;
			sourceTree = "<group>";
		};
		DF06C4BC2BC4113200AA76E1 /* DynamicCoding */ = {
			isa = PBXGroup;
			children = (
				DF06C4D02BC4121300AA76E1 /* Core */,
				DF06C4CD2BC411DC00AA76E1 /* Extensions */,
				DF06C4C32BC4113500AA76E1 /* Preview Content */,
				DF06C4CC2BC4119800AA76E1 /* Assets */,
				DF06C4CB2BC4117D00AA76E1 /* App */,
				DF06C4BF2BC4113200AA76E1 /* ContentView.swift */,
			);
			path = DynamicCoding;
			sourceTree = "<group>";
		};
		DF06C4C32BC4113500AA76E1 /* Preview Content */ = {
			isa = PBXGroup;
			children = (
				DF06C4C42BC4113500AA76E1 /* Preview Assets.xcassets */,
			);
			path = "Preview Content";
			sourceTree = "<group>";
		};
		DF06C4CB2BC4117D00AA76E1 /* App */ = {
			isa = PBXGroup;
			children = (
				DF06C4BD2BC4113200AA76E1 /* DynamicCodingApp.swift */,
			);
			path = App;
			sourceTree = "<group>";
		};
		DF06C4CC2BC4119800AA76E1 /* Assets */ = {
			isa = PBXGroup;
			children = (
				DF06C4C12BC4113500AA76E1 /* Assets.xcassets */,
			);
			path = Assets;
			sourceTree = "<group>";
		};
		DF06C4CD2BC411DC00AA76E1 /* Extensions */ = {
			isa = PBXGroup;
			children = (
				DF06C4CE2BC4120800AA76E1 /* DeveloperPreview.swift */,
			);
			path = Extensions;
			sourceTree = "<group>";
		};
		DF06C4D02BC4121300AA76E1 /* Core */ = {
			isa = PBXGroup;
			children = (
				DF06C4D22BC4126800AA76E1 /* Listing */,
				DF06C4D12BC4125B00AA76E1 /* Explore */,
			);
			path = Core;
			sourceTree = "<group>";
		};
		DF06C4D12BC4125B00AA76E1 /* Explore */ = {
			isa = PBXGroup;
			children = (
				DF06C4DA2BC4137A00AA76E1 /* ViewModel */,
				DF06C4D92BC4137400AA76E1 /* View */,
				DF06C4D82BC4136C00AA76E1 /* Service */,
			);
			path = Explore;
			sourceTree = "<group>";
		};
		DF06C4D22BC4126800AA76E1 /* Listing */ = {
			isa = PBXGroup;
			children = (
				DF06C4D32BC4129200AA76E1 /* Model */,
				DF06C4D62BC4131100AA76E1 /* ListingView.swift */,
			);
			path = Listing;
			sourceTree = "<group>";
		};
		DF06C4D32BC4129200AA76E1 /* Model */ = {
			isa = PBXGroup;
			children = (
				DF06C4D42BC412A200AA76E1 /* listing.swift */,
			);
			path = Model;
			sourceTree = "<group>";
		};
		DF06C4D82BC4136C00AA76E1 /* Service */ = {
			isa = PBXGroup;
			children = (
				DF06C4DD2BC4198C00AA76E1 /* ExploreService.swift */,
			);
			path = Service;
			sourceTree = "<group>";
		};
		DF06C4D92BC4137400AA76E1 /* View */ = {
			isa = PBXGroup;
			children = (
				DF06C4DB2BC4139A00AA76E1 /* ExploreView.swift */,
			);
			path = View;
			sourceTree = "<group>";
		};
		DF06C4DA2BC4137A00AA76E1 /* ViewModel */ = {
			isa = PBXGroup;
			children = (
				DF06C4DF2BC41A1300AA76E1 /* ExploreViewModel.swift */,
			);
			path = ViewModel;
			sourceTree = "<group>";
		};
/* End PBXGroup section */

/* Begin PBXNativeTarget section */
		DF06C4B92BC4113200AA76E1 /* DynamicCoding */ = {
			isa = PBXNativeTarget;
			buildConfigurationList = DF06C4C82BC4113500AA76E1 /* Build configuration list for PBXNativeTarget "DynamicCoding" */;
			buildPhases = (
				DF06C4B62BC4113200AA76E1 /* Sources */,
				DF06C4B72BC4113200AA76E1 /* Frameworks */,
				DF06C4B82BC4113200AA76E1 /* Resources */,
			);
			buildRules = (
			);
			dependencies = (
			);
			name = DynamicCoding;
			productName = DynamicCoding;
			productReference = DF06C4BA2BC4113200AA76E1 /* DynamicCoding.app */;
			productType = "com.apple.product-type.application";
		};
/* End PBXNativeTarget section */

/* Begin PBXProject section */
		DF06C4B22BC4113200AA76E1 /* Project object */ = {
			isa = PBXProject;
			attributes = {
				BuildIndependentTargetsInParallel = 1;
				LastSwiftUpdateCheck = 1520;
				LastUpgradeCheck = 1520;
				TargetAttributes = {
					DF06C4B92BC4113200AA76E1 = {
						CreatedOnToolsVersion = 15.2;
					};
				};
			};
			buildConfigurationList = DF06C4B52BC4113200AA76E1 /* Build configuration list for PBXProject "DynamicCoding" */;
			compatibilityVersion = "Xcode 14.0";
			developmentRegion = en;
			hasScannedForEncodings = 0;
			knownRegions = (
				en,
				Base,
			);
			mainGroup = DF06C4B12BC4113200AA76E1;
			productRefGroup = DF06C4BB2BC4113200AA76E1 /* Products */;
			projectDirPath = "";
			projectRoot = "";
			targets = (
				DF06C4B92BC4113200AA76E1 /* DynamicCoding */,
			);
		};
/* End PBXProject section */

/* Begin PBXResourcesBuildPhase section */
		DF06C4B82BC4113200AA76E1 /* Resources */ = {
			isa = PBXResourcesBuildPhase;
			buildActionMask = 2147483647;
			files = (
				DF06C4C52BC4113500AA76E1 /* Preview Assets.xcassets in Resources */,
				DF06C4C22BC4113500AA76E1 /* Assets.xcassets in Resources */,
			);
			runOnlyForDeploymentPostprocessing = 0;
		};
/* End PBXResourcesBuildPhase section */

/* Begin PBXSourcesBuildPhase section */
		DF06C4B62BC4113200AA76E1 /* Sources */ = {
			isa = PBXSourcesBuildPhase;
			buildActionMask = 2147483647;
			files = (
				DF06C4C02BC4113200AA76E1 /* ContentView.swift in Sources */,
				DF06C4DE2BC4198C00AA76E1 /* ExploreService.swift in Sources */,
				DF06C4D72BC4131100AA76E1 /* ListingView.swift in Sources */,
				DF06C4BE2BC4113200AA76E1 /* DynamicCodingApp.swift in Sources */,
				DF06C4E02BC41A1300AA76E1 /* ExploreViewModel.swift in Sources */,
				DF06C4D52BC412A200AA76E1 /* listing.swift in Sources */,
				DF06C4DC2BC4139A00AA76E1 /* ExploreView.swift in Sources */,
				DF06C4CF2BC4120800AA76E1 /* DeveloperPreview.swift in Sources */,
			);
			runOnlyForDeploymentPostprocessing = 0;
		};
/* End PBXSourcesBuildPhase section */

/* Begin XCBuildConfiguration section */
		DF06C4C62BC4113500AA76E1 /* Debug */ = {
			isa = XCBuildConfiguration;
			buildSettings = {
				ALWAYS_SEARCH_USER_PATHS = NO;
				ASSETCATALOG_COMPILER_GENERATE_SWIFT_ASSET_SYMBOL_EXTENSIONS = YES;
				CLANG_ANALYZER_NONNULL = YES;
				CLANG_ANALYZER_NUMBER_OBJECT_CONVERSION = YES_AGGRESSIVE;
				CLANG_CXX_LANGUAGE_STANDARD = "gnu++20";
				CLANG_ENABLE_MODULES = YES;
				CLANG_ENABLE_OBJC_ARC = YES;
				CLANG_ENABLE_OBJC_WEAK = YES;
				CLANG_WARN_BLOCK_CAPTURE_AUTORELEASING = YES;
				CLANG_WARN_BOOL_CONVERSION = YES;
				CLANG_WARN_COMMA = YES;
				CLANG_WARN_CONSTANT_CONVERSION = YES;
				CLANG_WARN_DEPRECATED_OBJC_IMPLEMENTATIONS = YES;
				CLANG_WARN_DIRECT_OBJC_ISA_USAGE = YES_ERROR;
				CLANG_WARN_DOCUMENTATION_COMMENTS = YES;
				CLANG_WARN_EMPTY_BODY = YES;
				CLANG_WARN_ENUM_CONVERSION = YES;
				CLANG_WARN_INFINITE_RECURSION = YES;
				CLANG_WARN_INT_CONVERSION = YES;
				CLANG_WARN_NON_LITERAL_NULL_CONVERSION = YES;
				CLANG_WARN_OBJC_IMPLICIT_RETAIN_SELF = YES;
				CLANG_WARN_OBJC_LITERAL_CONVERSION = YES;
				CLANG_WARN_OBJC_ROOT_CLASS = YES_ERROR;
				CLANG_WARN_QUOTED_INCLUDE_IN_FRAMEWORK_HEADER = YES;
				CLANG_WARN_RANGE_LOOP_ANALYSIS = YES;
				CLANG_WARN_STRICT_PROTOTYPES = YES;
				CLANG_WARN_SUSPICIOUS_MOVE = YES;
				CLANG_WARN_UNGUARDED_AVAILABILITY = YES_AGGRESSIVE;
				CLANG_WARN_UNREACHABLE_CODE = YES;
				CLANG_WARN__DUPLICATE_METHOD_MATCH = YES;
				COPY_PHASE_STRIP = NO;
				DEBUG_INFORMATION_FORMAT = dwarf;
				ENABLE_STRICT_OBJC_MSGSEND = YES;
				ENABLE_TESTABILITY = YES;
				ENABLE_USER_SCRIPT_SANDBOXING = YES;
				GCC_C_LANGUAGE_STANDARD = gnu17;
				GCC_DYNAMIC_NO_PIC = NO;
				GCC_NO_COMMON_BLOCKS = YES;
				GCC_OPTIMIZATION_LEVEL = 0;
				GCC_PREPROCESSOR_DEFINITIONS = (
					"DEBUG=1",
					"$(inherited)",
				);
				GCC_WARN_64_TO_32_BIT_CONVERSION = YES;
				GCC_WARN_ABOUT_RETURN_TYPE = YES_ERROR;
				GCC_WARN_UNDECLARED_SELECTOR = YES;
				GCC_WARN_UNINITIALIZED_AUTOS = YES_AGGRESSIVE;
				GCC_WARN_UNUSED_FUNCTION = YES;
				GCC_WARN_UNUSED_VARIABLE = YES;
				IPHONEOS_DEPLOYMENT_TARGET = 17.2;
				LOCALIZATION_PREFERS_STRING_CATALOGS = YES;
				MTL_ENABLE_DEBUG_INFO = INCLUDE_SOURCE;
				MTL_FAST_MATH = YES;
				ONLY_ACTIVE_ARCH = YES;
				SDKROOT = iphoneos;
				SWIFT_ACTIVE_COMPILATION_CONDITIONS = "DEBUG $(inherited)";
				SWIFT_OPTIMIZATION_LEVEL = "-Onone";
			};
			name = Debug;
		};
		DF06C4C72BC4113500AA76E1 /* Release */ = {
			isa = XCBuildConfiguration;
			buildSettings = {
				ALWAYS_SEARCH_USER_PATHS = NO;
				ASSETCATALOG_COMPILER_GENERATE_SWIFT_ASSET_SYMBOL_EXTENSIONS = YES;
				CLANG_ANALYZER_NONNULL = YES;
				CLANG_ANALYZER_NUMBER_OBJECT_CONVERSION = YES_AGGRESSIVE;
				CLANG_CXX_LANGUAGE_STANDARD = "gnu++20";
				CLANG_ENABLE_MODULES = YES;
				CLANG_ENABLE_OBJC_ARC = YES;
				CLANG_ENABLE_OBJC_WEAK = YES;
				CLANG_WARN_BLOCK_CAPTURE_AUTORELEASING = YES;
				CLANG_WARN_BOOL_CONVERSION = YES;
				CLANG_WARN_COMMA = YES;
				CLANG_WARN_CONSTANT_CONVERSION = YES;
				CLANG_WARN_DEPRECATED_OBJC_IMPLEMENTATIONS = YES;
				CLANG_WARN_DIRECT_OBJC_ISA_USAGE = YES_ERROR;
				CLANG_WARN_DOCUMENTATION_COMMENTS = YES;
				CLANG_WARN_EMPTY_BODY = YES;
				CLANG_WARN_ENUM_CONVERSION = YES;
				CLANG_WARN_INFINITE_RECURSION = YES;
				CLANG_WARN_INT_CONVERSION = YES;
				CLANG_WARN_NON_LITERAL_NULL_CONVERSION = YES;
				CLANG_WARN_OBJC_IMPLICIT_RETAIN_SELF = YES;
				CLANG_WARN_OBJC_LITERAL_CONVERSION = YES;
				CLANG_WARN_OBJC_ROOT_CLASS = YES_ERROR;
				CLANG_WARN_QUOTED_INCLUDE_IN_FRAMEWORK_HEADER = YES;
				CLANG_WARN_RANGE_LOOP_ANALYSIS = YES;
				CLANG_WARN_STRICT_PROTOTYPES = YES;
				CLANG_WARN_SUSPICIOUS_MOVE = YES;
				CLANG_WARN_UNGUARDED_AVAILABILITY = YES_AGGRESSIVE;
				CLANG_WARN_UNREACHABLE_CODE = YES;
				CLANG_WARN__DUPLICATE_METHOD_MATCH = YES;
				COPY_PHASE_STRIP = NO;
				DEBUG_INFORMATION_FORMAT = "dwarf-with-dsym";
				ENABLE_NS_ASSERTIONS = NO;
				ENABLE_STRICT_OBJC_MSGSEND = YES;
				ENABLE_USER_SCRIPT_SANDBOXING = YES;
				GCC_C_LANGUAGE_STANDARD = gnu17;
				GCC_NO_COMMON_BLOCKS = YES;
				GCC_WARN_64_TO_32_BIT_CONVERSION = YES;
				GCC_WARN_ABOUT_RETURN_TYPE = YES_ERROR;
				GCC_WARN_UNDECLARED_SELECTOR = YES;
				GCC_WARN_UNINITIALIZED_AUTOS = YES_AGGRESSIVE;
				GCC_WARN_UNUSED_FUNCTION = YES;
				GCC_WARN_UNUSED_VARIABLE = YES;
				IPHONEOS_DEPLOYMENT_TARGET = 17.2;
				LOCALIZATION_PREFERS_STRING_CATALOGS = YES;
				MTL_ENABLE_DEBUG_INFO = NO;
				MTL_FAST_MATH = YES;
				SDKROOT = iphoneos;
				SWIFT_COMPILATION_MODE = wholemodule;
				VALIDATE_PRODUCT = YES;
			};
			name = Release;
		};
		DF06C4C92BC4113500AA76E1 /* Debug */ = {
			isa = XCBuildConfiguration;
			buildSettings = {
				ASSETCATALOG_COMPILER_APPICON_NAME = AppIcon;
				ASSETCATALOG_COMPILER_GLOBAL_ACCENT_COLOR_NAME = AccentColor;
				CODE_SIGN_STYLE = Automatic;
				CURRENT_PROJECT_VERSION = 1;
				DEVELOPMENT_ASSET_PATHS = "\"DynamicCoding/Preview Content\"";
				DEVELOPMENT_TEAM = 826CY334BQ;
				ENABLE_PREVIEWS = YES;
				GENERATE_INFOPLIST_FILE = YES;
				INFOPLIST_KEY_UIApplicationSceneManifest_Generation = YES;
				INFOPLIST_KEY_UIApplicationSupportsIndirectInputEvents = YES;
				INFOPLIST_KEY_UILaunchScreen_Generation = YES;
				INFOPLIST_KEY_UISupportedInterfaceOrientations_iPad = "UIInterfaceOrientationPortrait UIInterfaceOrientationPortraitUpsideDown UIInterfaceOrientationLandscapeLeft UIInterfaceOrientationLandscapeRight";
				INFOPLIST_KEY_UISupportedInterfaceOrientations_iPhone = "UIInterfaceOrientationPortrait UIInterfaceOrientationLandscapeLeft UIInterfaceOrientationLandscapeRight";
				LD_RUNPATH_SEARCH_PATHS = (
					"$(inherited)",
					"@executable_path/Frameworks",
				);
				MARKETING_VERSION = 1.0;
				PRODUCT_BUNDLE_IDENTIFIER = "com.countstarss.-testPrivateAccessLevel.DynamicCoding";
				PRODUCT_NAME = "$(TARGET_NAME)";
				SWIFT_EMIT_LOC_STRINGS = YES;
				SWIFT_VERSION = 5.0;
				TARGETED_DEVICE_FAMILY = "1,2";
			};
			name = Debug;
		};
		DF06C4CA2BC4113500AA76E1 /* Release */ = {
			isa = XCBuildConfiguration;
			buildSettings = {
				ASSETCATALOG_COMPILER_APPICON_NAME = AppIcon;
				ASSETCATALOG_COMPILER_GLOBAL_ACCENT_COLOR_NAME = AccentColor;
				CODE_SIGN_STYLE = Automatic;
				CURRENT_PROJECT_VERSION = 1;
				DEVELOPMENT_ASSET_PATHS = "\"DynamicCoding/Preview Content\"";
				DEVELOPMENT_TEAM = 826CY334BQ;
				ENABLE_PREVIEWS = YES;
				GENERATE_INFOPLIST_FILE = YES;
				INFOPLIST_KEY_UIApplicationSceneManifest_Generation = YES;
				INFOPLIST_KEY_UIApplicationSupportsIndirectInputEvents = YES;
				INFOPLIST_KEY_UILaunchScreen_Generation = YES;
				INFOPLIST_KEY_UISupportedInterfaceOrientations_iPad = "UIInterfaceOrientationPortrait UIInterfaceOrientationPortraitUpsideDown UIInterfaceOrientationLandscapeLeft UIInterfaceOrientationLandscapeRight";
				INFOPLIST_KEY_UISupportedInterfaceOrientations_iPhone = "UIInterfaceOrientationPortrait UIInterfaceOrientationLandscapeLeft UIInterfaceOrientationLandscapeRight";
				LD_RUNPATH_SEARCH_PATHS = (
					"$(inherited)",
					"@executable_path/Frameworks",
				);
				MARKETING_VERSION = 1.0;
				PRODUCT_BUNDLE_IDENTIFIER = "com.countstarss.-testPrivateAccessLevel.DynamicCoding";
				PRODUCT_NAME = "$(TARGET_NAME)";
				SWIFT_EMIT_LOC_STRINGS = YES;
				SWIFT_VERSION = 5.0;
				TARGETED_DEVICE_FAMILY = "1,2";
			};
			name = Release;
		};
/* End XCBuildConfiguration section */

/* Begin XCConfigurationList section */
		DF06C4B52BC4113200AA76E1 /* Build configuration list for PBXProject "DynamicCoding" */ = {
			isa = XCConfigurationList;
			buildConfigurations = (
				DF06C4C62BC4113500AA76E1 /* Debug */,
				DF06C4C72BC4113500AA76E1 /* Release */,
			);
			defaultConfigurationIsVisible = 0;
			defaultConfigurationName = Release;
		};
		DF06C4C82BC4113500AA76E1 /* Build configuration list for PBXNativeTarget "DynamicCoding" */ = {
			isa = XCConfigurationList;
			buildConfigurations = (
				DF06C4C92BC4113500AA76E1 /* Debug */,
				DF06C4CA2BC4113500AA76E1 /* Release */,
			);
			defaultConfigurationIsVisible = 0;
			defaultConfigurationName = Release;
		};
/* End XCConfigurationList section */
	};
	rootObject = DF06C4B22BC4113200AA76E1 /* Project object */;
}
